
Microsoft Visual Studio Solution File, Format Version 12.00
# Visual Studio Version 17
VisualStudioVersion = 17.1.32414.318
MinimumVisualStudioVersion = 10.0.40219.1
Project("{FAE04EC0-301F-11D3-BF4B-00C04F79EFBC}") = "Web", "Web\Web.csproj", "{17BA0FE4-8FEE-40E3-8D53-D7FA5B85AB84}"
EndProject
Project("{FAE04EC0-301F-11D3-BF4B-00C04F79EFBC}") = "Models", "Models\Models.csproj", "{42039914-6BF6-4E24-A643-B160F3D49CD8}"
EndProject
Project("{2150E333-8FDC-42A3-9474-1A3956D46DE8}") = "Solution Items", "Solution Items", "{147A6E12-D672-42A2-BA1C-0B04D35ADF8B}"
	ProjectSection(SolutionItems) = preProject
		.editorconfig = .editorconfig
	EndProjectSection
EndProject
Project("{FAE04EC0-301F-11D3-BF4B-00C04F79EFBC}") = "API", "API\API.csproj", "{C563834F-105B-475E-9082-A5FD71470EA5}"
EndProject
Global
	GlobalSection(SolutionConfigurationPlatforms) = preSolution
		Debug|Any CPU = Debug|Any CPU
		Release|Any CPU = Release|Any CPU
	EndGlobalSection
	GlobalSection(ProjectConfigurationPlatforms) = postSolution
		{17BA0FE4-8FEE-40E3-8D53-D7FA5B85AB84}.Debug|Any CPU.ActiveCfg = Debug|Any CPU
		{17BA0FE4-8FEE-40E3-8D53-D7FA5B85AB84}.Debug|Any CPU.Build.0 = Debug|Any CPU
		{17BA0FE4-8FEE-40E3-8D53-D7FA5B85AB84}.Release|Any CPU.ActiveCfg = Release|Any CPU
		{17BA0FE4-8FEE-40E3-8D53-D7FA5B85AB84}.Release|Any CPU.Build.0 = Release|Any CPU
		{42039914-6BF6-4E24-A643-B160F3D49CD8}.Debug|Any CPU.ActiveCfg = Debug|Any CPU
		{42039914-6BF6-4E24-A643-B160F3D49CD8}.Debug|Any CPU.Build.0 = Debug|Any CPU
		{42039914-6BF6-4E24-A643-B160F3D49CD8}.Release|Any CPU.ActiveCfg = Release|Any CPU
		{42039914-6BF6-4E24-A643-B160F3D49CD8}.Release|Any CPU.Build.0 = Release|Any CPU
		{C563834F-105B-475E-9082-A5FD71470EA5}.Debug|Any CPU.ActiveCfg = Debug|Any CPU
		{C563834F-105B-475E-9082-A5FD71470EA5}.Debug|Any CPU.Build.0 = Debug|Any CPU
		{C563834F-105B-475E-9082-A5FD71470EA5}.Release|Any CPU.ActiveCfg = Release|Any CPU
		{C563834F-105B-475E-9082-A5FD71470EA5}.Release|Any CPU.Build.0 = Release|Any CPU
	EndGlobalSection
	GlobalSection(SolutionProperties) = preSolution
		HideSolutionNode = FALSE
	EndGlobalSection
	GlobalSection(ExtensibilityGlobals) = postSolution
		SolutionGuid = {87C6289D-6062-46F7-8D69-FD0D790C919A}
	EndGlobalSection
EndGlobal
